// !$*UTF8*$!
{
	archiveVersion = 1;
	classes = {
	};
	objectVersion = 50;
	objects = {

/* Begin PBXBuildFile section */
		A34BA80F23FA6094009EE08B /* AppDelegate.swift in Sources */ = {isa = PBXBuildFile; fileRef = A34BA80E23FA6094009EE08B /* AppDelegate.swift */; };
		A34BA81123FA6094009EE08B /* SceneDelegate.swift in Sources */ = {isa = PBXBuildFile; fileRef = A34BA81023FA6094009EE08B /* SceneDelegate.swift */; };
		A34BA81323FA6094009EE08B /* ViewController.swift in Sources */ = {isa = PBXBuildFile; fileRef = A34BA81223FA6094009EE08B /* ViewController.swift */; };
		A34BA81623FA6094009EE08B /* Main.storyboard in Resources */ = {isa = PBXBuildFile; fileRef = A34BA81423FA6094009EE08B /* Main.storyboard */; };
		A34BA81823FA6097009EE08B /* Assets.xcassets in Resources */ = {isa = PBXBuildFile; fileRef = A34BA81723FA6097009EE08B /* Assets.xcassets */; };
		A34BA81B23FA6097009EE08B /* LaunchScreen.storyboard in Resources */ = {isa = PBXBuildFile; fileRef = A34BA81923FA6097009EE08B /* LaunchScreen.storyboard */; };
		A34BA82623FA6097009EE08B /* tableViewShowTests.swift in Sources */ = {isa = PBXBuildFile; fileRef = A34BA82523FA6097009EE08B /* tableViewShowTests.swift */; };
		A34BA83123FA6097009EE08B /* tableViewShowUITests.swift in Sources */ = {isa = PBXBuildFile; fileRef = A34BA83023FA6097009EE08B /* tableViewShowUITests.swift */; };
/* End PBXBuildFile section */

/* Begin PBXContainerItemProxy section */
		A34BA82223FA6097009EE08B /* PBXContainerItemProxy */ = {
			isa = PBXContainerItemProxy;
			containerPortal = A34BA80323FA6094009EE08B /* Project object */;
			proxyType = 1;
			remoteGlobalIDString = A34BA80A23FA6094009EE08B;
			remoteInfo = tableViewShow;
		};
		A34BA82D23FA6097009EE08B /* PBXContainerItemProxy */ = {
			isa = PBXContainerItemProxy;
			containerPortal = A34BA80323FA6094009EE08B /* Project object */;
			proxyType = 1;
			remoteGlobalIDString = A34BA80A23FA6094009EE08B;
			remoteInfo = tableViewShow;
		};
/* End PBXContainerItemProxy section */

/* Begin PBXFileReference section */
		A34BA80B23FA6094009EE08B /* tableViewShow.app */ = {isa = PBXFileReference; explicitFileType = wrapper.application; includeInIndex = 0; path = tableViewShow.app; sourceTree = BUILT_PRODUCTS_DIR; };
		A34BA80E23FA6094009EE08B /* AppDelegate.swift */ = {isa = PBXFileReference; lastKnownFileType = sourcecode.swift; path = AppDelegate.swift; sourceTree = "<group>"; };
		A34BA81023FA6094009EE08B /* SceneDelegate.swift */ = {isa = PBXFileReference; lastKnownFileType = sourcecode.swift; path = SceneDelegate.swift; sourceTree = "<group>"; };
		A34BA81223FA6094009EE08B /* ViewController.swift */ = {isa = PBXFileReference; lastKnownFileType = sourcecode.swift; path = ViewController.swift; sourceTree = "<group>"; };
		A34BA81523FA6094009EE08B /* Base */ = {isa = PBXFileReference; lastKnownFileType = file.storyboard; name = Base; path = Base.lproj/Main.storyboard; sourceTree = "<group>"; };
		A34BA81723FA6097009EE08B /* Assets.xcassets */ = {isa = PBXFileReference; lastKnownFileType = folder.assetcatalog; path = Assets.xcassets; sourceTree = "<group>"; };
		A34BA81A23FA6097009EE08B /* Base */ = {isa = PBXFileReference; lastKnownFileType = file.storyboard; name = Base; path = Base.lproj/LaunchScreen.storyboard; sourceTree = "<group>"; };
		A34BA81C23FA6097009EE08B /* Info.plist */ = {isa = PBXFileReference; lastKnownFileType = text.plist.xml; path = Info.plist; sourceTree = "<group>"; };
		A34BA82123FA6097009EE08B /* tableViewShowTests.xctest */ = {isa = PBXFileReference; explicitFileType = wrapper.cfbundle; includeInIndex = 0; path = tableViewShowTests.xctest; sourceTree = BUILT_PRODUCTS_DIR; };
		A34BA82523FA6097009EE08B /* tableViewShowTests.swift */ = {isa = PBXFileReference; lastKnownFileType = sourcecode.swift; path = tableViewShowTests.swift; sourceTree = "<group>"; };
		A34BA82723FA6097009EE08B /* Info.plist */ = {isa = PBXFileReference; lastKnownFileType = text.plist.xml; path = Info.plist; sourceTree = "<group>"; };
		A34BA82C23FA6097009EE08B /* tableViewShowUITests.xctest */ = {isa = PBXFileReference; explicitFileType = wrapper.cfbundle; includeInIndex = 0; path = tableViewShowUITests.xctest; sourceTree = BUILT_PRODUCTS_DIR; };
		A34BA83023FA6097009EE08B /* tableViewShowUITests.swift */ = {isa = PBXFileReference; lastKnownFileType = sourcecode.swift; path = tableViewShowUITests.swift; sourceTree = "<group>"; };
		A34BA83223FA6097009EE08B /* Info.plist */ = {isa = PBXFileReference; lastKnownFileType = text.plist.xml; path = Info.plist; sourceTree = "<group>"; };
/* End PBXFileReference section */

/* Begin PBXFrameworksBuildPhase section */
		A34BA80823FA6094009EE08B /* Frameworks */ = {
			isa = PBXFrameworksBuildPhase;
			buildActionMask = 2147483647;
			files = (
			);
			runOnlyForDeploymentPostprocessing = 0;
		};
		A34BA81E23FA6097009EE08B /* Frameworks */ = {
			isa = PBXFrameworksBuildPhase;
			buildActionMask = 2147483647;
			files = (
			);
			runOnlyForDeploymentPostprocessing = 0;
		};
		A34BA82923FA6097009EE08B /* Frameworks */ = {
			isa = PBXFrameworksBuildPhase;
			buildActionMask = 2147483647;
			files = (
			);
			runOnlyForDeploymentPostprocessing = 0;
		};
/* End PBXFrameworksBuildPhase section */

/* Begin PBXGroup section */
		A34BA80223FA6094009EE08B = {
			isa = PBXGroup;
			children = (
				A34BA80D23FA6094009EE08B /* tableViewShow */,
				A34BA82423FA6097009EE08B /* tableViewShowTests */,
				A34BA82F23FA6097009EE08B /* tableViewShowUITests */,
				A34BA80C23FA6094009EE08B /* Products */,
			);
			sourceTree = "<group>";
		};
		A34BA80C23FA6094009EE08B /* Products */ = {
			isa = PBXGroup;
			children = (
				A34BA80B23FA6094009EE08B /* tableViewShow.app */,
				A34BA82123FA6097009EE08B /* tableViewShowTests.xctest */,
				A34BA82C23FA6097009EE08B /* tableViewShowUITests.xctest */,
			);
			name = Products;
			sourceTree = "<group>";
		};
		A34BA80D23FA6094009EE08B /* tableViewShow */ = {
			isa = PBXGroup;
			children = (
				A34BA80E23FA6094009EE08B /* AppDelegate.swift */,
				A34BA81023FA6094009EE08B /* SceneDelegate.swift */,
				A34BA81223FA6094009EE08B /* ViewController.swift */,
				A34BA81423FA6094009EE08B /* Main.storyboard */,
				A34BA81723FA6097009EE08B /* Assets.xcassets */,
				A34BA81923FA6097009EE08B /* LaunchScreen.storyboard */,
				A34BA81C23FA6097009EE08B /* Info.plist */,
			);
			path = tableViewShow;
			sourceTree = "<group>";
		};
		A34BA82423FA6097009EE08B /* tableViewShowTests */ = {
			isa = PBXGroup;
			children = (
				A34BA82523FA6097009EE08B /* tableViewShowTests.swift */,
				A34BA82723FA6097009EE08B /* Info.plist */,
			);
			path = tableViewShowTests;
			sourceTree = "<group>";
		};
		A34BA82F23FA6097009EE08B /* tableViewShowUITests */ = {
			isa = PBXGroup;
			children = (
				A34BA83023FA6097009EE08B /* tableViewShowUITests.swift */,
				A34BA83223FA6097009EE08B /* Info.plist */,
			);
			path = tableViewShowUITests;
			sourceTree = "<group>";
		};
/* End PBXGroup section */

/* Begin PBXNativeTarget section */
		A34BA80A23FA6094009EE08B /* tableViewShow */ = {
			isa = PBXNativeTarget;
			buildConfigurationList = A34BA83523FA6097009EE08B /* Build configuration list for PBXNativeTarget "tableViewShow" */;
			buildPhases = (
				A34BA80723FA6094009EE08B /* Sources */,
				A34BA80823FA6094009EE08B /* Frameworks */,
				A34BA80923FA6094009EE08B /* Resources */,
			);
			buildRules = (
			);
			dependencies = (
			);
			name = tableViewShow;
			productName = tableViewShow;
			productReference = A34BA80B23FA6094009EE08B /* tableViewShow.app */;
			productType = "com.apple.product-type.application";
		};
		A34BA82023FA6097009EE08B /* tableViewShowTests */ = {
			isa = PBXNativeTarget;
			buildConfigurationList = A34BA83823FA6097009EE08B /* Build configuration list for PBXNativeTarget "tableViewShowTests" */;
			buildPhases = (
				A34BA81D23FA6097009EE08B /* Sources */,
				A34BA81E23FA6097009EE08B /* Frameworks */,
				A34BA81F23FA6097009EE08B /* Resources */,
			);
			buildRules = (
			);
			dependencies = (
				A34BA82323FA6097009EE08B /* PBXTargetDependency */,
			);
			name = tableViewShowTests;
			productName = tableViewShowTests;
			productReference = A34BA82123FA6097009EE08B /* tableViewShowTests.xctest */;
			productType = "com.apple.product-type.bundle.unit-test";
		};
		A34BA82B23FA6097009EE08B /* tableViewShowUITests */ = {
			isa = PBXNativeTarget;
			buildConfigurationList = A34BA83B23FA6097009EE08B /* Build configuration list for PBXNativeTarget "tableViewShowUITests" */;
			buildPhases = (
				A34BA82823FA6097009EE08B /* Sources */,
				A34BA82923FA6097009EE08B /* Frameworks */,
				A34BA82A23FA6097009EE08B /* Resources */,
			);
			buildRules = (
			);
			dependencies = (
				A34BA82E23FA6097009EE08B /* PBXTargetDependency */,
			);
			name = tableViewShowUITests;
			productName = tableViewShowUITests;
			productReference = A34BA82C23FA6097009EE08B /* tableViewShowUITests.xctest */;
			productType = "com.apple.product-type.bundle.ui-testing";
		};
/* End PBXNativeTarget section */

/* Begin PBXProject section */
		A34BA80323FA6094009EE08B /* Project object */ = {
			isa = PBXProject;
			attributes = {
				LastSwiftUpdateCheck = 1130;
				LastUpgradeCheck = 1130;
				ORGANIZATIONNAME = "Proshenjit kumar";
				TargetAttributes = {
					A34BA80A23FA6094009EE08B = {
						CreatedOnToolsVersion = 11.3.1;
					};
					A34BA82023FA6097009EE08B = {
						CreatedOnToolsVersion = 11.3.1;
						TestTargetID = A34BA80A23FA6094009EE08B;
					};
					A34BA82B23FA6097009EE08B = {
						CreatedOnToolsVersion = 11.3.1;
						TestTargetID = A34BA80A23FA6094009EE08B;
					};
				};
			};
			buildConfigurationList = A34BA80623FA6094009EE08B /* Build configuration list for PBXProject "tableViewShow" */;
			compatibilityVersion = "Xcode 9.3";
			developmentRegion = en;
			hasScannedForEncodings = 0;
			knownRegions = (
				en,
				Base,
			);
			mainGroup = A34BA80223FA6094009EE08B;
			productRefGroup = A34BA80C23FA6094009EE08B /* Products */;
			projectDirPath = "";
			projectRoot = "";
			targets = (
				A34BA80A23FA6094009EE08B /* tableViewShow */,
				A34BA82023FA6097009EE08B /* tableViewShowTests */,
				A34BA82B23FA6097009EE08B /* tableViewShowUITests */,
			);
		};
/* End PBXProject section */

/* Begin PBXResourcesBuildPhase section */
		A34BA80923FA6094009EE08B /* Resources */ = {
			isa = PBXResourcesBuildPhase;
			buildActionMask = 2147483647;
			files = (
				A34BA81B23FA6097009EE08B /* LaunchScreen.storyboard in Resources */,
				A34BA81823FA6097009EE08B /* Assets.xcassets in Resources */,
				A34BA81623FA6094009EE08B /* Main.storyboard in Resources */,
			);
			runOnlyForDeploymentPostprocessing = 0;
		};
		A34BA81F23FA6097009EE08B /* Resources */ = {
			isa = PBXResourcesBuildPhase;
			buildActionMask = 2147483647;
			files = (
			);
			runOnlyForDeploymentPostprocessing = 0;
		};
		A34BA82A23FA6097009EE08B /* Resources */ = {
			isa = PBXResourcesBuildPhase;
			buildActionMask = 2147483647;
			files = (
			);
			runOnlyForDeploymentPostprocessing = 0;
		};
/* End PBXResourcesBuildPhase section */

/* Begin PBXSourcesBuildPhase section */
		A34BA80723FA6094009EE08B /* Sources */ = {
			isa = PBXSourcesBuildPhase;
			buildActionMask = 2147483647;
			files = (
				A34BA81323FA6094009EE08B /* ViewController.swift in Sources */,
				A34BA80F23FA6094009EE08B /* AppDelegate.swift in Sources */,
				A34BA81123FA6094009EE08B /* SceneDelegate.swift in Sources */,
			);
			runOnlyForDeploymentPostprocessing = 0;
		};
		A34BA81D23FA6097009EE08B /* Sources */ = {
			isa = PBXSourcesBuildPhase;
			buildActionMask = 2147483647;
			files = (
				A34BA82623FA6097009EE08B /* tableViewShowTests.swift in Sources */,
			);
			runOnlyForDeploymentPostprocessing = 0;
		};
		A34BA82823FA6097009EE08B /* Sources */ = {
			isa = PBXSourcesBuildPhase;
			buildActionMask = 2147483647;
			files = (
				A34BA83123FA6097009EE08B /* tableViewShowUITests.swift in Sources */,
			);
			runOnlyForDeploymentPostprocessing = 0;
		};
/* End PBXSourcesBuildPhase section */

/* Begin PBXTargetDependency section */
		A34BA82323FA6097009EE08B /* PBXTargetDependency */ = {
			isa = PBXTargetDependency;
			target = A34BA80A23FA6094009EE08B /* tableViewShow */;
			targetProxy = A34BA82223FA6097009EE08B /* PBXContainerItemProxy */;
		};
		A34BA82E23FA6097009EE08B /* PBXTargetDependency */ = {
			isa = PBXTargetDependency;
			target = A34BA80A23FA6094009EE08B /* tableViewShow */;
			targetProxy = A34BA82D23FA6097009EE08B /* PBXContainerItemProxy */;
		};
/* End PBXTargetDependency section */

/* Begin PBXVariantGroup section */
		A34BA81423FA6094009EE08B /* Main.storyboard */ = {
			isa = PBXVariantGroup;
			children = (
				A34BA81523FA6094009EE08B /* Base */,
			);
			name = Main.storyboard;
			sourceTree = "<group>";
		};
		A34BA81923FA6097009EE08B /* LaunchScreen.storyboard */ = {
			isa = PBXVariantGroup;
			children = (
				A34BA81A23FA6097009EE08B /* Base */,
			);
			name = LaunchScreen.storyboard;
			sourceTree = "<group>";
		};
/* End PBXVariantGroup section */

/* Begin XCBuildConfiguration section */
		A34BA83323FA6097009EE08B /* Debug */ = {
			isa = XCBuildConfiguration;
			buildSettings = {
				ALWAYS_SEARCH_USER_PATHS = NO;
				CLANG_ANALYZER_NONNULL = YES;
				CLANG_ANALYZER_NUMBER_OBJECT_CONVERSION = YES_AGGRESSIVE;
				CLANG_CXX_LANGUAGE_STANDARD = "gnu++14";
				CLANG_CXX_LIBRARY = "libc++";
				CLANG_ENABLE_MODULES = YES;
				CLANG_ENABLE_OBJC_ARC = YES;
				CLANG_ENABLE_OBJC_WEAK = YES;
				CLANG_WARN_BLOCK_CAPTURE_AUTORELEASING = YES;
				CLANG_WARN_BOOL_CONVERSION = YES;
				CLANG_WARN_COMMA = YES;
				CLANG_WARN_CONSTANT_CONVERSION = YES;
				CLANG_WARN_DEPRECATED_OBJC_IMPLEMENTATIONS = YES;
				CLANG_WARN_DIRECT_OBJC_ISA_USAGE = YES_ERROR;
				CLANG_WARN_DOCUMENTATION_COMMENTS = YES;
				CLANG_WARN_EMPTY_BODY = YES;
				CLANG_WARN_ENUM_CONVERSION = YES;
				CLANG_WARN_INFINITE_RECURSION = YES;
				CLANG_WARN_INT_CONVERSION = YES;
				CLANG_WARN_NON_LITERAL_NULL_CONVERSION = YES;
				CLANG_WARN_OBJC_IMPLICIT_RETAIN_SELF = YES;
				CLANG_WARN_OBJC_LITERAL_CONVERSION = YES;
				CLANG_WARN_OBJC_ROOT_CLASS = YES_ERROR;
				CLANG_WARN_RANGE_LOOP_ANALYSIS = YES;
				CLANG_WARN_STRICT_PROTOTYPES = YES;
				CLANG_WARN_SUSPICIOUS_MOVE = YES;
				CLANG_WARN_UNGUARDED_AVAILABILITY = YES_AGGRESSIVE;
				CLANG_WARN_UNREACHABLE_CODE = YES;
				CLANG_WARN__DUPLICATE_METHOD_MATCH = YES;
				COPY_PHASE_STRIP = NO;
				DEBUG_INFORMATION_FORMAT = dwarf;
				ENABLE_STRICT_OBJC_MSGSEND = YES;
				ENABLE_TESTABILITY = YES;
				GCC_C_LANGUAGE_STANDARD = gnu11;
				GCC_DYNAMIC_NO_PIC = NO;
				GCC_NO_COMMON_BLOCKS = YES;
				GCC_OPTIMIZATION_LEVEL = 0;
				GCC_PREPROCESSOR_DEFINITIONS = (
					"DEBUG=1",
					"$(inherited)",
				);
				GCC_WARN_64_TO_32_BIT_CONVERSION = YES;
				GCC_WARN_ABOUT_RETURN_TYPE = YES_ERROR;
				GCC_WARN_UNDECLARED_SELECTOR = YES;
				GCC_WARN_UNINITIALIZED_AUTOS = YES_AGGRESSIVE;
				GCC_WARN_UNUSED_FUNCTION = YES;
				GCC_WARN_UNUSED_VARIABLE = YES;
				IPHONEOS_DEPLOYMENT_TARGET = 13.2;
				MTL_ENABLE_DEBUG_INFO = INCLUDE_SOURCE;
				MTL_FAST_MATH = YES;
				ONLY_ACTIVE_ARCH = YES;
				SDKROOT = iphoneos;
				SWIFT_ACTIVE_COMPILATION_CONDITIONS = DEBUG;
				SWIFT_OPTIMIZATION_LEVEL = "-Onone";
			};
			name = Debug;
		};
		A34BA83423FA6097009EE08B /* Release */ = {
			isa = XCBuildConfiguration;
			buildSettings = {
				ALWAYS_SEARCH_USER_PATHS = NO;
				CLANG_ANALYZER_NONNULL = YES;
				CLANG_ANALYZER_NUMBER_OBJECT_CONVERSION = YES_AGGRESSIVE;
				CLANG_CXX_LANGUAGE_STANDARD = "gnu++14";
				CLANG_CXX_LIBRARY = "libc++";
				CLANG_ENABLE_MODULES = YES;
				CLANG_ENABLE_OBJC_ARC = YES;
				CLANG_ENABLE_OBJC_WEAK = YES;
				CLANG_WARN_BLOCK_CAPTURE_AUTORELEASING = YES;
				CLANG_WARN_BOOL_CONVERSION = YES;
				CLANG_WARN_COMMA = YES;
				CLANG_WARN_CONSTANT_CONVERSION = YES;
				CLANG_WARN_DEPRECATED_OBJC_IMPLEMENTATIONS = YES;
				CLANG_WARN_DIRECT_OBJC_ISA_USAGE = YES_ERROR;
				CLANG_WARN_DOCUMENTATION_COMMENTS = YES;
				CLANG_WARN_EMPTY_BODY = YES;
				CLANG_WARN_ENUM_CONVERSION = YES;
				CLANG_WARN_INFINITE_RECURSION = YES;
				CLANG_WARN_INT_CONVERSION = YES;
				CLANG_WARN_NON_LITERAL_NULL_CONVERSION = YES;
				CLANG_WARN_OBJC_IMPLICIT_RETAIN_SELF = YES;
				CLANG_WARN_OBJC_LITERAL_CONVERSION = YES;
				CLANG_WARN_OBJC_ROOT_CLASS = YES_ERROR;
				CLANG_WARN_RANGE_LOOP_ANALYSIS = YES;
				CLANG_WARN_STRICT_PROTOTYPES = YES;
				CLANG_WARN_SUSPICIOUS_MOVE = YES;
				CLANG_WARN_UNGUARDED_AVAILABILITY = YES_AGGRESSIVE;
				CLANG_WARN_UNREACHABLE_CODE = YES;
				CLANG_WARN__DUPLICATE_METHOD_MATCH = YES;
				COPY_PHASE_STRIP = NO;
				DEBUG_INFORMATION_FORMAT = "dwarf-with-dsym";
				ENABLE_NS_ASSERTIONS = NO;
				ENABLE_STRICT_OBJC_MSGSEND = YES;
				GCC_C_LANGUAGE_STANDARD = gnu11;
				GCC_NO_COMMON_BLOCKS = YES;
				GCC_WARN_64_TO_32_BIT_CONVERSION = YES;
				GCC_WARN_ABOUT_RETURN_TYPE = YES_ERROR;
				GCC_WARN_UNDECLARED_SELECTOR = YES;
				GCC_WARN_UNINITIALIZED_AUTOS = YES_AGGRESSIVE;
				GCC_WARN_UNUSED_FUNCTION = YES;
				GCC_WARN_UNUSED_VARIABLE = YES;
				IPHONEOS_DEPLOYMENT_TARGET = 13.2;
				MTL_ENABLE_DEBUG_INFO = NO;
				MTL_FAST_MATH = YES;
				SDKROOT = iphoneos;
				SWIFT_COMPILATION_MODE = wholemodule;
				SWIFT_OPTIMIZATION_LEVEL = "-O";
				VALIDATE_PRODUCT = YES;
			};
			name = Release;
		};
		A34BA83623FA6097009EE08B /* Debug */ = {
			isa = XCBuildConfiguration;
			buildSettings = {
				ASSETCATALOG_COMPILER_APPICON_NAME = AppIcon;
				CODE_SIGN_STYLE = Automatic;
				INFOPLIST_FILE = tableViewShow/Info.plist;
				LD_RUNPATH_SEARCH_PATHS = (
					"$(inherited)",
					"@executable_path/Frameworks",
				);
				PRODUCT_BUNDLE_IDENTIFIER = proshenjit.tableViewShow;
				PRODUCT_NAME = "$(TARGET_NAME)";
				SWIFT_VERSION = 5.0;
				TARGETED_DEVICE_FAMILY = "1,2";
			};
			name = Debug;
		};
		A34BA83723FA6097009EE08B /* Release */ = {
			isa = XCBuildConfiguration;
			buildSettings = {
				ASSETCATALOG_COMPILER_APPICON_NAME = AppIcon;
				CODE_SIGN_STYLE = Automatic;
				INFOPLIST_FILE = tableViewShow/Info.plist;
				LD_RUNPATH_SEARCH_PATHS = (
					"$(inherited)",
					"@executable_path/Frameworks",
				);
				PRODUCT_BUNDLE_IDENTIFIER = proshenjit.tableViewShow;
				PRODUCT_NAME = "$(TARGET_NAME)";
				SWIFT_VERSION = 5.0;
				TARGETED_DEVICE_FAMILY = "1,2";
			};
			name = Release;
		};
		A34BA83923FA6097009EE08B /* Debug */ = {
			isa = XCBuildConfiguration;
			buildSettings = {
				ALWAYS_EMBED_SWIFT_STANDARD_LIBRARIES = YES;
				BUNDLE_LOADER = "$(TEST_HOST)";
				CODE_SIGN_STYLE = Automatic;
				INFOPLIST_FILE = tableViewShowTests/Info.plist;
				IPHONEOS_DEPLOYMENT_TARGET = 13.2;
				LD_RUNPATH_SEARCH_PATHS = (
					"$(inherited)",
					"@executable_path/Frameworks",
					"@loader_path/Frameworks",
				);
				PRODUCT_BUNDLE_IDENTIFIER = proshenjit.tableViewShowTests;
				PRODUCT_NAME = "$(TARGET_NAME)";
				SWIFT_VERSION = 5.0;
				TARGETED_DEVICE_FAMILY = "1,2";
				TEST_HOST = "$(BUILT_PRODUCTS_DIR)/tableViewShow.app/tableViewShow";
			};
			name = Debug;
		};
		A34BA83A23FA6097009EE08B /* Release */ = {
			isa = XCBuildConfiguration;
			buildSettings = {
				ALWAYS_EMBED_SWIFT_STANDARD_LIBRARIES = YES;
				BUNDLE_LOADER = "$(TEST_HOST)";
				CODE_SIGN_STYLE = Automatic;
				INFOPLIST_FILE = tableViewShowTests/Info.plist;
				IPHONEOS_DEPLOYMENT_TARGET = 13.2;
				LD_RUNPATH_SEARCH_PATHS = (
					"$(inherited)",
					"@executable_path/Frameworks",
					"@loader_path/Frameworks",
				);
				PRODUCT_BUNDLE_IDENTIFIER = proshenjit.tableViewShowTests;
				PRODUCT_NAME = "$(TARGET_NAME)";
				SWIFT_VERSION = 5.0;
				TARGETED_DEVICE_FAMILY = "1,2";
				TEST_HOST = "$(BUILT_PRODUCTS_DIR)/tableViewShow.app/tableViewShow";
			};
			name = Release;
		};
		A34BA83C23FA6097009EE08B /* Debug */ = {
			isa = XCBuildConfiguration;
			buildSettings = {
				ALWAYS_EMBED_SWIFT_STANDARD_LIBRARIES = YES;
				CODE_SIGN_STYLE = Automatic;
				INFOPLIST_FILE = tableViewShowUITests/Info.plist;
				LD_RUNPATH_SEARCH_PATHS = (
					"$(inherited)",
					"@executable_path/Frameworks",
					"@loader_path/Frameworks",
				);
				PRODUCT_BUNDLE_IDENTIFIER = proshenjit.tableViewShowUITests;
				PRODUCT_NAME = "$(TARGET_NAME)";
				SWIFT_VERSION = 5.0;
				TARGETED_DEVICE_FAMILY = "1,2";
				TEST_TARGET_NAME = tableViewShow;
			};
			name = Debug;
		};
		A34BA83D23FA6097009EE08B /* Release */ = {
			isa = XCBuildConfiguration;
			buildSettings = {
				ALWAYS_EMBED_SWIFT_STANDARD_LIBRARIES = YES;
				CODE_SIGN_STYLE = Automatic;
				INFOPLIST_FILE = tableViewShowUITests/Info.plist;
				LD_RUNPATH_SEARCH_PATHS = (
					"$(inherited)",
					"@executable_path/Frameworks",
					"@loader_path/Frameworks",
				);
				PRODUCT_BUNDLE_IDENTIFIER = proshenjit.tableViewShowUITests;
				PRODUCT_NAME = "$(TARGET_NAME)";
				SWIFT_VERSION = 5.0;
				TARGETED_DEVICE_FAMILY = "1,2";
				TEST_TARGET_NAME = tableViewShow;
			};
			name = Release;
		};
/* End XCBuildConfiguration section */

/* Begin XCConfigurationList section */
		A34BA80623FA6094009EE08B /* Build configuration list for PBXProject "tableViewShow" */ = {
			isa = XCConfigurationList;
			buildConfigurations = (
				A34BA83323FA6097009EE08B /* Debug */,
				A34BA83423FA6097009EE08B /* Release */,
			);
			defaultConfigurationIsVisible = 0;
			defaultConfigurationName = Release;
		};
		A34BA83523FA6097009EE08B /* Build configuration list for PBXNativeTarget "tableViewShow" */ = {
			isa = XCConfigurationList;
			buildConfigurations = (
				A34BA83623FA6097009EE08B /* Debug */,
				A34BA83723FA6097009EE08B /* Release */,
			);
			defaultConfigurationIsVisible = 0;
			defaultConfigurationName = Release;
		};
		A34BA83823FA6097009EE08B /* Build configuration list for PBXNativeTarget "tableViewShowTests" */ = {
			isa = XCConfigurationList;
			buildConfigurations = (
				A34BA83923FA6097009EE08B /* Debug */,
				A34BA83A23FA6097009EE08B /* Release */,
			);
			defaultConfigurationIsVisible = 0;
			defaultConfigurationName = Release;
		};
		A34BA83B23FA6097009EE08B /* Build configuration list for PBXNativeTarget "tableViewShowUITests" */ = {
			isa = XCConfigurationList;
			buildConfigurations = (
				A34BA83C23FA6097009EE08B /* Debug */,
				A34BA83D23FA6097009EE08B /* Release */,
			);
			defaultConfigurationIsVisible = 0;
			defaultConfigurationName = Release;
		};
/* End XCConfigurationList section */
	};
	rootObject = A34BA80323FA6094009EE08B /* Project object */;
}
